
Microsoft Visual Studio Solution File, Format Version 12.00
# Visual Studio Version 17
VisualStudioVersion = 17.13.35818.85 d17.13
MinimumVisualStudioVersion = 10.0.40219.1
Project("{FAE04EC0-301F-11D3-BF4B-00C04F79EFBC}") = "SpanishPointAssignment", "SpanishPointAssignment\SpanishPointAssignment.csproj", "{B47A39FF-0D8F-44A7-8B8F-941C9490FDB4}"
EndProject
Global
	GlobalSection(SolutionConfigurationPlatforms) = preSolution
		Debug|Any CPU = Debug|Any CPU
		Release|Any CPU = Release|Any CPU
	EndGlobalSection
	GlobalSection(ProjectConfigurationPlatforms) = postSolution
		{B47A39FF-0D8F-44A7-8B8F-941C9490FDB4}.Debug|Any CPU.ActiveCfg = Debug|Any CPU
		{B47A39FF-0D8F-44A7-8B8F-941C9490FDB4}.Debug|Any CPU.Build.0 = Debug|Any CPU
		{B47A39FF-0D8F-44A7-8B8F-941C9490FDB4}.Release|Any CPU.ActiveCfg = Release|Any CPU
		{B47A39FF-0D8F-44A7-8B8F-941C9490FDB4}.Release|Any CPU.Build.0 = Release|Any CPU
	EndGlobalSection
	GlobalSection(SolutionProperties) = preSolution
		HideSolutionNode = FALSE
	EndGlobalSection
	GlobalSection(ExtensibilityGlobals) = postSolution
		SolutionGuid = {66625BAC-F5EE-4F82-8814-47831033ED66}
	EndGlobalSection
EndGlobal
